
Microsoft Visual Studio Solution File, Format Version 12.00
# Visual Studio Version 17
VisualStudioVersion = 17.10.35201.131
MinimumVisualStudioVersion = 10.0.40219.1
Project("{FAE04EC0-301F-11D3-BF4B-00C04F79EFBC}") = "ReqnrollProject1", "ReqnrollProject1\ReqnrollProject1.csproj", "{CC01C321-99AF-488D-BDCB-8B22A996D875}"
EndProject
Global
	GlobalSection(SolutionConfigurationPlatforms) = preSolution
		Debug|Any CPU = Debug|Any CPU
		Release|Any CPU = Release|Any CPU
	EndGlobalSection
	GlobalSection(ProjectConfigurationPlatforms) = postSolution
		{CC01C321-99AF-488D-BDCB-8B22A996D875}.Debug|Any CPU.ActiveCfg = Debug|Any CPU
		{CC01C321-99AF-488D-BDCB-8B22A996D875}.Debug|Any CPU.Build.0 = Debug|Any CPU
		{CC01C321-99AF-488D-BDCB-8B22A996D875}.Release|Any CPU.ActiveCfg = Release|Any CPU
		{CC01C321-99AF-488D-BDCB-8B22A996D875}.Release|Any CPU.Build.0 = Release|Any CPU
	EndGlobalSection
	GlobalSection(SolutionProperties) = preSolution
		HideSolutionNode = FALSE
	EndGlobalSection
	GlobalSection(ExtensibilityGlobals) = postSolution
		SolutionGuid = {87914305-787A-4B5D-ADBB-5186F68F1045}
	EndGlobalSection
EndGlobal
